
Microsoft Visual Studio Solution File, Format Version 12.00
# Visual Studio Version 17
VisualStudioVersion = 17.4.33110.190
MinimumVisualStudioVersion = 10.0.40219.1
Project("{8BC9CEB8-8B4A-11D0-8D11-00A0C91BC942}") = "GAME2", "GAME2\GAME2.vcxproj", "{D275CB59-BC46-4382-B892-9EC7469C4627}"
EndProject
Global
	GlobalSection(SolutionConfigurationPlatforms) = preSolution
		Debug|x64 = Debug|x64
		Release|x64 = Release|x64
	EndGlobalSection
	GlobalSection(ProjectConfigurationPlatforms) = postSolution
		{D275CB59-BC46-4382-B892-9EC7469C4627}.Debug|x64.ActiveCfg = Debug|x64
		{D275CB59-BC46-4382-B892-9EC7469C4627}.Debug|x64.Build.0 = Debug|x64
		{D275CB59-BC46-4382-B892-9EC7469C4627}.Release|x64.ActiveCfg = Release|x64
		{D275CB59-BC46-4382-B892-9EC7469C4627}.Release|x64.Build.0 = Release|x64
	EndGlobalSection
	GlobalSection(SolutionProperties) = preSolution
		HideSolutionNode = FALSE
	EndGlobalSection
	GlobalSection(ExtensibilityGlobals) = postSolution
		SolutionGuid = {F12D1999-7B63-4AE2-B925-D96CA5ECD961}
	EndGlobalSection
EndGlobal
